
Microsoft Visual Studio Solution File, Format Version 12.00
# Visual Studio Version 17
VisualStudioVersion = 17.0.31903.59
MinimumVisualStudioVersion = 10.0.40219.1
Project("{9A19103F-16F7-4668-BE54-9A1E7A4F7556}") = "SFA.DAS.PR.Jobs", "SFA.DAS.PR.Jobs\SFA.DAS.PR.Jobs.csproj", "{D8CD49D1-EC0E-434F-B029-CE3D52E4AC38}"
EndProject
Project("{2150E333-8FDC-42A3-9474-1A3956D46DE8}") = "Tests", "Tests", "{4C472CB9-F478-4153-8141-82341BD9B314}"
EndProject
Project("{9A19103F-16F7-4668-BE54-9A1E7A4F7556}") = "SFA.DAS.PR.Jobs.UnitTests", "SFA.DAS.PR.Jobs.UnitTests\SFA.DAS.PR.Jobs.UnitTests.csproj", "{5B2ED2D1-B4FD-4650-BAA5-468232EE5F8B}"
EndProject
Project("{9A19103F-16F7-4668-BE54-9A1E7A4F7556}") = "SFA.DAS.PR.Data", "SFA.DAS.PR.Data\SFA.DAS.PR.Data.csproj", "{62A93066-14B9-4B87-9E1E-3853001C1FEC}"
EndProject
Project("{9A19103F-16F7-4668-BE54-9A1E7A4F7556}") = "SFA.DAS.PR.Jobs.MessageHandlers.TestHarness", "SFA.DAS.PR.Jobs.MessageHandlers.TestHarness\SFA.DAS.PR.Jobs.MessageHandlers.TestHarness.csproj", "{81C2561F-4000-4E84-9550-1658BAC15D36}"
EndProject
Global
	GlobalSection(SolutionConfigurationPlatforms) = preSolution
		Debug|Any CPU = Debug|Any CPU
		Release|Any CPU = Release|Any CPU
	EndGlobalSection
	GlobalSection(ProjectConfigurationPlatforms) = postSolution
		{D8CD49D1-EC0E-434F-B029-CE3D52E4AC38}.Debug|Any CPU.ActiveCfg = Debug|Any CPU
		{D8CD49D1-EC0E-434F-B029-CE3D52E4AC38}.Debug|Any CPU.Build.0 = Debug|Any CPU
		{D8CD49D1-EC0E-434F-B029-CE3D52E4AC38}.Release|Any CPU.ActiveCfg = Release|Any CPU
		{D8CD49D1-EC0E-434F-B029-CE3D52E4AC38}.Release|Any CPU.Build.0 = Release|Any CPU
		{5B2ED2D1-B4FD-4650-BAA5-468232EE5F8B}.Debug|Any CPU.ActiveCfg = Debug|Any CPU
		{5B2ED2D1-B4FD-4650-BAA5-468232EE5F8B}.Debug|Any CPU.Build.0 = Debug|Any CPU
		{5B2ED2D1-B4FD-4650-BAA5-468232EE5F8B}.Release|Any CPU.ActiveCfg = Release|Any CPU
		{5B2ED2D1-B4FD-4650-BAA5-468232EE5F8B}.Release|Any CPU.Build.0 = Release|Any CPU
		{62A93066-14B9-4B87-9E1E-3853001C1FEC}.Debug|Any CPU.ActiveCfg = Debug|Any CPU
		{62A93066-14B9-4B87-9E1E-3853001C1FEC}.Debug|Any CPU.Build.0 = Debug|Any CPU
		{62A93066-14B9-4B87-9E1E-3853001C1FEC}.Release|Any CPU.ActiveCfg = Release|Any CPU
		{62A93066-14B9-4B87-9E1E-3853001C1FEC}.Release|Any CPU.Build.0 = Release|Any CPU
		{81C2561F-4000-4E84-9550-1658BAC15D36}.Debug|Any CPU.ActiveCfg = Debug|Any CPU
		{81C2561F-4000-4E84-9550-1658BAC15D36}.Debug|Any CPU.Build.0 = Debug|Any CPU
		{81C2561F-4000-4E84-9550-1658BAC15D36}.Release|Any CPU.ActiveCfg = Release|Any CPU
		{81C2561F-4000-4E84-9550-1658BAC15D36}.Release|Any CPU.Build.0 = Release|Any CPU
	EndGlobalSection
	GlobalSection(SolutionProperties) = preSolution
		HideSolutionNode = FALSE
	EndGlobalSection
	GlobalSection(NestedProjects) = preSolution
		{5B2ED2D1-B4FD-4650-BAA5-468232EE5F8B} = {4C472CB9-F478-4153-8141-82341BD9B314}
		{81C2561F-4000-4E84-9550-1658BAC15D36} = {4C472CB9-F478-4153-8141-82341BD9B314}
	EndGlobalSection
	GlobalSection(ExtensibilityGlobals) = postSolution
		SolutionGuid = {D46F2389-1612-4235-A33E-5DB3F3F4F790}
	EndGlobalSection
EndGlobal
